// !$*UTF8*$!
{
	archiveVersion = 1;
	classes = {
	};
	objectVersion = 77;
	objects = {

/* Begin PBXBuildFile section */
		09493D58F29CA97863642E5A /* AgentStatusIcon.swift in Sources */ = {isa = PBXBuildFile; fileRef = FBF34964DFBA230E51655E20 /* AgentStatusIcon.swift */; };
		33E814F999C5155F94B896CC /* FocusedCaptureService.swift in Sources */ = {isa = PBXBuildFile; fileRef = C3381289629BF73DF20266A7 /* FocusedCaptureService.swift */; };
		3C862B368DABCFD030859575 /* LibraryCompatibility.swift in Sources */ = {isa = PBXBuildFile; fileRef = 67182996F61325E45927A1DE /* LibraryCompatibility.swift */; };
		3CD75CE86D030A06FD9AB21B /* PermissionCoordinator.swift in Sources */ = {isa = PBXBuildFile; fileRef = D297476682CA691E13EDB2D1 /* PermissionCoordinator.swift */; };
		46E2D0D6D45A92C6BFEE4463 /* MyClipModel.swift in Sources */ = {isa = PBXBuildFile; fileRef = FD5E5F0881A737B85E44E2AA /* MyClipModel.swift */; };
		49A465A98D2C71E9D0E04172 /* AnalyticsView.swift in Sources */ = {isa = PBXBuildFile; fileRef = 85FD22EF3BF4339FB4D41B95 /* AnalyticsView.swift */; };
		5117721355FE13BB45B4E874 /* MarkdownThirdPartyNotices.txt in Resources */ = {isa = PBXBuildFile; fileRef = C5C76804C327A0A0B592C603 /* MarkdownThirdPartyNotices.txt */; };
		601B31C23F6CAC773173BD12 /* AgentRuntime.swift in Sources */ = {isa = PBXBuildFile; fileRef = A2F1DEDE5F4B08506C2155E7 /* AgentRuntime.swift */; };
		64B50CEF8586DF62220C71A8 /* MyClipCore in Frameworks */ = {isa = PBXBuildFile; productRef = 08C930E7912187BDB9B11F7E /* MyClipCore */; };
		6EE097D37687B09ECD532957 /* MyClipViews.swift in Sources */ = {isa = PBXBuildFile; fileRef = F3411BD87E9E8BAA48F2AA31 /* MyClipViews.swift */; };
		8061428CAE741EC9A223298D /* AgentCharacterView.swift in Sources */ = {isa = PBXBuildFile; fileRef = 428FC34F097036C20B32E18E /* AgentCharacterView.swift */; };
		8F0DA65FE5828D606D28AC31 /* MyClipMenuBar.swift in Sources */ = {isa = PBXBuildFile; fileRef = 652C8CAFBFF2AB791C4BBFEB /* MyClipMenuBar.swift */; };
		9ACE35AE85BEF08754185E4F /* WindowImageCapture.swift in Sources */ = {isa = PBXBuildFile; fileRef = 418F9B75B5DD9D13703EC647 /* WindowImageCapture.swift */; };
		B4440E613F7363981D933F35 /* Assets.xcassets in Resources */ = {isa = PBXBuildFile; fileRef = C0591743E8AF1CE014CB1016 /* Assets.xcassets */; };
		B537DCA7BD2AC57378F44909 /* MarkdownUI in Frameworks */ = {isa = PBXBuildFile; productRef = 893EE47D89D1C46AA406DDE3 /* MarkdownUI */; };
		D2B59596CD4C1960409C0D9D /* ExecutionDetailView.swift in Sources */ = {isa = PBXBuildFile; fileRef = 640EBAAF7E6B14C1A195C6A6 /* ExecutionDetailView.swift */; };
		D53C9A553FE33DB790CA60A6 /* TaskDashboardView.swift in Sources */ = {isa = PBXBuildFile; fileRef = 27375C14A6AE1644A55D790C /* TaskDashboardView.swift */; };
		E1A9348A9B3B3191D9BD9E4F /* MemoryMarkdownView.swift in Sources */ = {isa = PBXBuildFile; fileRef = 0C65AAFF4E4BA9FEC91C9CDD /* MemoryMarkdownView.swift */; };
		FD08315AB518ADF1981415A3 /* MyClipApp.swift in Sources */ = {isa = PBXBuildFile; fileRef = 64AB631DA26E7316F978FC4E /* MyClipApp.swift */; };
/* End PBXBuildFile section */

/* Begin PBXFileReference section */
		0C65AAFF4E4BA9FEC91C9CDD /* MemoryMarkdownView.swift */ = {isa = PBXFileReference; lastKnownFileType = sourcecode.swift; path = MemoryMarkdownView.swift; sourceTree = "<group>"; };
		27375C14A6AE1644A55D790C /* TaskDashboardView.swift */ = {isa = PBXFileReference; lastKnownFileType = sourcecode.swift; path = TaskDashboardView.swift; sourceTree = "<group>"; };
		357E53D3B46FD41B1CD21920 /* MyClip.app */ = {isa = PBXFileReference; explicitFileType = wrapper.application; includeInIndex = 0; path = MyClip.app; sourceTree = BUILT_PRODUCTS_DIR; };
		418F9B75B5DD9D13703EC647 /* WindowImageCapture.swift */ = {isa = PBXFileReference; lastKnownFileType = sourcecode.swift; path = WindowImageCapture.swift; sourceTree = "<group>"; };
		428FC34F097036C20B32E18E /* AgentCharacterView.swift */ = {isa = PBXFileReference; lastKnownFileType = sourcecode.swift; path = AgentCharacterView.swift; sourceTree = "<group>"; };
		640EBAAF7E6B14C1A195C6A6 /* ExecutionDetailView.swift */ = {isa = PBXFileReference; lastKnownFileType = sourcecode.swift; path = ExecutionDetailView.swift; sourceTree = "<group>"; };
		64AB631DA26E7316F978FC4E /* MyClipApp.swift */ = {isa = PBXFileReference; lastKnownFileType = sourcecode.swift; path = MyClipApp.swift; sourceTree = "<group>"; };
		652C8CAFBFF2AB791C4BBFEB /* MyClipMenuBar.swift */ = {isa = PBXFileReference; lastKnownFileType = sourcecode.swift; path = MyClipMenuBar.swift; sourceTree = "<group>"; };
		67182996F61325E45927A1DE /* LibraryCompatibility.swift */ = {isa = PBXFileReference; lastKnownFileType = sourcecode.swift; path = LibraryCompatibility.swift; sourceTree = "<group>"; };
		6BF48A94D66DB8CBAD8C2C37 /* Info.plist */ = {isa = PBXFileReference; lastKnownFileType = text.plist; path = Info.plist; sourceTree = "<group>"; };
		6DFD8534C004BDE34F4C81F2 /* MyClip */ = {isa = PBXFileReference; lastKnownFileType = folder; name = MyClip; path = .; sourceTree = SOURCE_ROOT; };
		85FD22EF3BF4339FB4D41B95 /* AnalyticsView.swift */ = {isa = PBXFileReference; lastKnownFileType = sourcecode.swift; path = AnalyticsView.swift; sourceTree = "<group>"; };
		A2F1DEDE5F4B08506C2155E7 /* AgentRuntime.swift */ = {isa = PBXFileReference; lastKnownFileType = sourcecode.swift; path = AgentRuntime.swift; sourceTree = "<group>"; };
		C0591743E8AF1CE014CB1016 /* Assets.xcassets */ = {isa = PBXFileReference; lastKnownFileType = folder.assetcatalog; path = Assets.xcassets; sourceTree = "<group>"; };
		C3381289629BF73DF20266A7 /* FocusedCaptureService.swift */ = {isa = PBXFileReference; lastKnownFileType = sourcecode.swift; path = FocusedCaptureService.swift; sourceTree = "<group>"; };
		C5C76804C327A0A0B592C603 /* MarkdownThirdPartyNotices.txt */ = {isa = PBXFileReference; lastKnownFileType = text; path = MarkdownThirdPartyNotices.txt; sourceTree = "<group>"; };
		D297476682CA691E13EDB2D1 /* PermissionCoordinator.swift */ = {isa = PBXFileReference; lastKnownFileType = sourcecode.swift; path = PermissionCoordinator.swift; sourceTree = "<group>"; };
		E25B03C51C65E327F4389E00 /* MyClip.entitlements */ = {isa = PBXFileReference; lastKnownFileType = text.plist.entitlements; path = MyClip.entitlements; sourceTree = "<group>"; };
		F3411BD87E9E8BAA48F2AA31 /* MyClipViews.swift */ = {isa = PBXFileReference; lastKnownFileType = sourcecode.swift; path = MyClipViews.swift; sourceTree = "<group>"; };
		FBF34964DFBA230E51655E20 /* AgentStatusIcon.swift */ = {isa = PBXFileReference; lastKnownFileType = sourcecode.swift; path = AgentStatusIcon.swift; sourceTree = "<group>"; };
		FD5E5F0881A737B85E44E2AA /* MyClipModel.swift */ = {isa = PBXFileReference; lastKnownFileType = sourcecode.swift; path = MyClipModel.swift; sourceTree = "<group>"; };
/* End PBXFileReference section */

/* Begin PBXFrameworksBuildPhase section */
		7F6FBFCA547833AB07FE819E /* Frameworks */ = {
			isa = PBXFrameworksBuildPhase;
			buildActionMask = 2147483647;
			files = (
				64B50CEF8586DF62220C71A8 /* MyClipCore in Frameworks */,
				B537DCA7BD2AC57378F44909 /* MarkdownUI in Frameworks */,
			);
			runOnlyForDeploymentPostprocessing = 0;
		};
/* End PBXFrameworksBuildPhase section */

/* Begin PBXGroup section */
		085E8DB34615E90BEC68D556 /* Products */ = {
			isa = PBXGroup;
			children = (
				357E53D3B46FD41B1CD21920 /* MyClip.app */,
			);
			name = Products;
			sourceTree = "<group>";
		};
		39B1BE9AC38F2603D6D811A1 /* MyClip */ = {
			isa = PBXGroup;
			children = (
				C0591743E8AF1CE014CB1016 /* Assets.xcassets */,
				597D8D7CF752A72CFFF6C697 /* App */,
				A71DEFC96FE8500289FADC1B /* Features */,
				72C26A6AAAFCD09021CC9F7E /* Supporting */,
			);
			path = MyClip;
			sourceTree = "<group>";
		};
		5303457A185CD385701705CC = {
			isa = PBXGroup;
			children = (
				39B1BE9AC38F2603D6D811A1 /* MyClip */,
				6DFA8A1FD5EC8594D790914D /* Packages */,
				085E8DB34615E90BEC68D556 /* Products */,
			);
			sourceTree = "<group>";
		};
		597D8D7CF752A72CFFF6C697 /* App */ = {
			isa = PBXGroup;
			children = (
				64AB631DA26E7316F978FC4E /* MyClipApp.swift */,
				D297476682CA691E13EDB2D1 /* PermissionCoordinator.swift */,
			);
			path = App;
			sourceTree = "<group>";
		};
		5B774977BE7159578CF4FD18 /* Library */ = {
			isa = PBXGroup;
			children = (
				428FC34F097036C20B32E18E /* AgentCharacterView.swift */,
				A2F1DEDE5F4B08506C2155E7 /* AgentRuntime.swift */,
				FBF34964DFBA230E51655E20 /* AgentStatusIcon.swift */,
				85FD22EF3BF4339FB4D41B95 /* AnalyticsView.swift */,
				640EBAAF7E6B14C1A195C6A6 /* ExecutionDetailView.swift */,
				C3381289629BF73DF20266A7 /* FocusedCaptureService.swift */,
				67182996F61325E45927A1DE /* LibraryCompatibility.swift */,
				0C65AAFF4E4BA9FEC91C9CDD /* MemoryMarkdownView.swift */,
				652C8CAFBFF2AB791C4BBFEB /* MyClipMenuBar.swift */,
				FD5E5F0881A737B85E44E2AA /* MyClipModel.swift */,
				F3411BD87E9E8BAA48F2AA31 /* MyClipViews.swift */,
				27375C14A6AE1644A55D790C /* TaskDashboardView.swift */,
				418F9B75B5DD9D13703EC647 /* WindowImageCapture.swift */,
			);
			path = Library;
			sourceTree = "<group>";
		};
		6DFA8A1FD5EC8594D790914D /* Packages */ = {
			isa = PBXGroup;
			children = (
				6DFD8534C004BDE34F4C81F2 /* MyClip */,
			);
			name = Packages;
			sourceTree = "<group>";
		};
		72C26A6AAAFCD09021CC9F7E /* Supporting */ = {
			isa = PBXGroup;
			children = (
				6BF48A94D66DB8CBAD8C2C37 /* Info.plist */,
				C5C76804C327A0A0B592C603 /* MarkdownThirdPartyNotices.txt */,
				E25B03C51C65E327F4389E00 /* MyClip.entitlements */,
			);
			path = Supporting;
			sourceTree = "<group>";
		};
		A71DEFC96FE8500289FADC1B /* Features */ = {
			isa = PBXGroup;
			children = (
				5B774977BE7159578CF4FD18 /* Library */,
			);
			path = Features;
			sourceTree = "<group>";
		};
/* End PBXGroup section */

/* Begin PBXNativeTarget section */
		7D60F0953A513EEB2D3F60BC /* MyClip */ = {
			isa = PBXNativeTarget;
			buildConfigurationList = 77F1135F8BF1D64CC7BC2D91 /* Build configuration list for PBXNativeTarget "MyClip" */;
			buildPhases = (
				F57F8470AAFF38D0695F53CF /* Sources */,
				A47E82572115426CC3E4E555 /* Resources */,
				7F6FBFCA547833AB07FE819E /* Frameworks */,
			);
			buildRules = (
			);
			dependencies = (
			);
			name = MyClip;
			packageProductDependencies = (
				08C930E7912187BDB9B11F7E /* MyClipCore */,
				893EE47D89D1C46AA406DDE3 /* MarkdownUI */,
			);
			productName = MyClip;
			productReference = 357E53D3B46FD41B1CD21920 /* MyClip.app */;
			productType = "com.apple.product-type.application";
		};
/* End PBXNativeTarget section */

/* Begin PBXProject section */
		297DC53681229D1C5972D7DB /* Project object */ = {
			isa = PBXProject;
			attributes = {
				BuildIndependentTargetsInParallel = YES;
				LastUpgradeCheck = 2600;
				TargetAttributes = {
					7D60F0953A513EEB2D3F60BC = {
						DevelopmentTeam = YP86S77K2X;
						ProvisioningStyle = Manual;
					};
				};
			};
			buildConfigurationList = 012239FF8917C0189EA6AFCD /* Build configuration list for PBXProject "MyClip" */;
			developmentRegion = en;
			hasScannedForEncodings = 0;
			knownRegions = (
				Base,
				en,
			);
			mainGroup = 5303457A185CD385701705CC;
			minimizedProjectReferenceProxies = 1;
			packageReferences = (
				E7DDEB510057EFB1C6C89A9C /* XCRemoteSwiftPackageReference "swift-markdown-ui" */,
				4AC3F864B3B4A90B694E7ADA /* XCLocalSwiftPackageReference "." */,
			);
			preferredProjectObjectVersion = 77;
			productRefGroup = 085E8DB34615E90BEC68D556 /* Products */;
			projectDirPath = "";
			projectRoot = "";
			targets = (
				7D60F0953A513EEB2D3F60BC /* MyClip */,
			);
		};
/* End PBXProject section */

/* Begin PBXResourcesBuildPhase section */
		A47E82572115426CC3E4E555 /* Resources */ = {
			isa = PBXResourcesBuildPhase;
			buildActionMask = 2147483647;
			files = (
				B4440E613F7363981D933F35 /* Assets.xcassets in Resources */,
				5117721355FE13BB45B4E874 /* MarkdownThirdPartyNotices.txt in Resources */,
			);
			runOnlyForDeploymentPostprocessing = 0;
		};
/* End PBXResourcesBuildPhase section */

/* Begin PBXSourcesBuildPhase section */
		F57F8470AAFF38D0695F53CF /* Sources */ = {
			isa = PBXSourcesBuildPhase;
			buildActionMask = 2147483647;
			files = (
				8061428CAE741EC9A223298D /* AgentCharacterView.swift in Sources */,
				601B31C23F6CAC773173BD12 /* AgentRuntime.swift in Sources */,
				09493D58F29CA97863642E5A /* AgentStatusIcon.swift in Sources */,
				49A465A98D2C71E9D0E04172 /* AnalyticsView.swift in Sources */,
				D2B59596CD4C1960409C0D9D /* ExecutionDetailView.swift in Sources */,
				33E814F999C5155F94B896CC /* FocusedCaptureService.swift in Sources */,
				3C862B368DABCFD030859575 /* LibraryCompatibility.swift in Sources */,
				E1A9348A9B3B3191D9BD9E4F /* MemoryMarkdownView.swift in Sources */,
				FD08315AB518ADF1981415A3 /* MyClipApp.swift in Sources */,
				8F0DA65FE5828D606D28AC31 /* MyClipMenuBar.swift in Sources */,
				46E2D0D6D45A92C6BFEE4463 /* MyClipModel.swift in Sources */,
				6EE097D37687B09ECD532957 /* MyClipViews.swift in Sources */,
				3CD75CE86D030A06FD9AB21B /* PermissionCoordinator.swift in Sources */,
				D53C9A553FE33DB790CA60A6 /* TaskDashboardView.swift in Sources */,
				9ACE35AE85BEF08754185E4F /* WindowImageCapture.swift in Sources */,
			);
			runOnlyForDeploymentPostprocessing = 0;
		};
/* End PBXSourcesBuildPhase section */

/* Begin XCBuildConfiguration section */
		462FEA5000E729CEDA3F5EC3 /* Debug */ = {
			isa = XCBuildConfiguration;
			buildSettings = {
				ALWAYS_SEARCH_USER_PATHS = NO;
				CLANG_ANALYZER_NONNULL = YES;
				CLANG_ANALYZER_NUMBER_OBJECT_CONVERSION = YES_AGGRESSIVE;
				CLANG_CXX_LANGUAGE_STANDARD = "gnu++14";
				CLANG_CXX_LIBRARY = "libc++";
				CLANG_ENABLE_MODULES = YES;
				CLANG_ENABLE_OBJC_ARC = YES;
				CLANG_ENABLE_OBJC_WEAK = YES;
				CLANG_WARN_BLOCK_CAPTURE_AUTORELEASING = YES;
				CLANG_WARN_BOOL_CONVERSION = YES;
				CLANG_WARN_COMMA = YES;
				CLANG_WARN_CONSTANT_CONVERSION = YES;
				CLANG_WARN_DEPRECATED_OBJC_IMPLEMENTATIONS = YES;
				CLANG_WARN_DIRECT_OBJC_ISA_USAGE = YES_ERROR;
				CLANG_WARN_DOCUMENTATION_COMMENTS = YES;
				CLANG_WARN_EMPTY_BODY = YES;
				CLANG_WARN_ENUM_CONVERSION = YES;
				CLANG_WARN_INFINITE_RECURSION = YES;
				CLANG_WARN_INT_CONVERSION = YES;
				CLANG_WARN_NON_LITERAL_NULL_CONVERSION = YES;
				CLANG_WARN_OBJC_IMPLICIT_RETAIN_SELF = YES;
				CLANG_WARN_OBJC_LITERAL_CONVERSION = YES;
				CLANG_WARN_OBJC_ROOT_CLASS = YES_ERROR;
				CLANG_WARN_QUOTED_INCLUDE_IN_FRAMEWORK_HEADER = YES;
				CLANG_WARN_RANGE_LOOP_ANALYSIS = YES;
				CLANG_WARN_STRICT_PROTOTYPES = YES;
				CLANG_WARN_SUSPICIOUS_MOVE = YES;
				CLANG_WARN_UNGUARDED_AVAILABILITY = YES_AGGRESSIVE;
				CLANG_WARN_UNREACHABLE_CODE = YES;
				CLANG_WARN__DUPLICATE_METHOD_MATCH = YES;
				COPY_PHASE_STRIP = NO;
				DEBUG_INFORMATION_FORMAT = dwarf;
				ENABLE_STRICT_OBJC_MSGSEND = YES;
				ENABLE_TESTABILITY = YES;
				GCC_C_LANGUAGE_STANDARD = gnu11;
				GCC_DYNAMIC_NO_PIC = NO;
				GCC_NO_COMMON_BLOCKS = YES;
				GCC_OPTIMIZATION_LEVEL = 0;
				GCC_PREPROCESSOR_DEFINITIONS = (
					"$(inherited)",
					"DEBUG=1",
				);
				GCC_WARN_64_TO_32_BIT_CONVERSION = YES;
				GCC_WARN_ABOUT_RETURN_TYPE = YES_ERROR;
				GCC_WARN_UNDECLARED_SELECTOR = YES;
				GCC_WARN_UNINITIALIZED_AUTOS = YES_AGGRESSIVE;
				GCC_WARN_UNUSED_FUNCTION = YES;
				GCC_WARN_UNUSED_VARIABLE = YES;
				GENERATE_INFOPLIST_FILE = NO;
				MACOSX_DEPLOYMENT_TARGET = 13.0;
				MTL_ENABLE_DEBUG_INFO = INCLUDE_SOURCE;
				MTL_FAST_MATH = YES;
				ONLY_ACTIVE_ARCH = YES;
				PRODUCT_NAME = "$(TARGET_NAME)";
				SDKROOT = macosx;
				SWIFT_ACTIVE_COMPILATION_CONDITIONS = DEBUG;
				SWIFT_OPTIMIZATION_LEVEL = "-Onone";
				SWIFT_VERSION = 6.0;
			};
			name = Debug;
		};
		56E0635FE47678D20D31AC4E /* Debug */ = {
			isa = XCBuildConfiguration;
			buildSettings = {
				ASSETCATALOG_COMPILER_APPICON_NAME = AppIcon;
				CODE_SIGN_ENTITLEMENTS = MyClip/Supporting/MyClip.entitlements;
				CODE_SIGN_IDENTITY = E04719740CD0DF70E4D0CA1B42ABBD273B4E0F9A;
				CODE_SIGN_STYLE = Manual;
				COMBINE_HIDPI_IMAGES = YES;
				DEVELOPMENT_TEAM = YP86S77K2X;
				ENABLE_PREVIEWS = YES;
				INFOPLIST_FILE = MyClip/Supporting/Info.plist;
				LD_RUNPATH_SEARCH_PATHS = (
					"$(inherited)",
					"@executable_path/../Frameworks",
				);
				LSUIElement = NO;
				MACOSX_DEPLOYMENT_TARGET = 13.0;
				PRODUCT_BUNDLE_IDENTIFIER = cc.vibevibe.myclip;
				PRODUCT_NAME = MyClip;
				SDKROOT = macosx;
			};
			name = Debug;
		};
		6C365F8F3C0AA46D26B5D9B5 /* Release */ = {
			isa = XCBuildConfiguration;
			buildSettings = {
				ASSETCATALOG_COMPILER_APPICON_NAME = AppIcon;
				CODE_SIGN_ENTITLEMENTS = MyClip/Supporting/MyClip.entitlements;
				CODE_SIGN_IDENTITY = E04719740CD0DF70E4D0CA1B42ABBD273B4E0F9A;
				CODE_SIGN_STYLE = Manual;
				COMBINE_HIDPI_IMAGES = YES;
				DEVELOPMENT_TEAM = YP86S77K2X;
				ENABLE_PREVIEWS = YES;
				INFOPLIST_FILE = MyClip/Supporting/Info.plist;
				LD_RUNPATH_SEARCH_PATHS = (
					"$(inherited)",
					"@executable_path/../Frameworks",
				);
				LSUIElement = NO;
				MACOSX_DEPLOYMENT_TARGET = 13.0;
				PRODUCT_BUNDLE_IDENTIFIER = cc.vibevibe.myclip;
				PRODUCT_NAME = MyClip;
				SDKROOT = macosx;
			};
			name = Release;
		};
		C92D5B1E6461DDD5E7648348 /* Release */ = {
			isa = XCBuildConfiguration;
			buildSettings = {
				ALWAYS_SEARCH_USER_PATHS = NO;
				CLANG_ANALYZER_NONNULL = YES;
				CLANG_ANALYZER_NUMBER_OBJECT_CONVERSION = YES_AGGRESSIVE;
				CLANG_CXX_LANGUAGE_STANDARD = "gnu++14";
				CLANG_CXX_LIBRARY = "libc++";
				CLANG_ENABLE_MODULES = YES;
				CLANG_ENABLE_OBJC_ARC = YES;
				CLANG_ENABLE_OBJC_WEAK = YES;
				CLANG_WARN_BLOCK_CAPTURE_AUTORELEASING = YES;
				CLANG_WARN_BOOL_CONVERSION = YES;
				CLANG_WARN_COMMA = YES;
				CLANG_WARN_CONSTANT_CONVERSION = YES;
				CLANG_WARN_DEPRECATED_OBJC_IMPLEMENTATIONS = YES;
				CLANG_WARN_DIRECT_OBJC_ISA_USAGE = YES_ERROR;
				CLANG_WARN_DOCUMENTATION_COMMENTS = YES;
				CLANG_WARN_EMPTY_BODY = YES;
				CLANG_WARN_ENUM_CONVERSION = YES;
				CLANG_WARN_INFINITE_RECURSION = YES;
				CLANG_WARN_INT_CONVERSION = YES;
				CLANG_WARN_NON_LITERAL_NULL_CONVERSION = YES;
				CLANG_WARN_OBJC_IMPLICIT_RETAIN_SELF = YES;
				CLANG_WARN_OBJC_LITERAL_CONVERSION = YES;
				CLANG_WARN_OBJC_ROOT_CLASS = YES_ERROR;
				CLANG_WARN_QUOTED_INCLUDE_IN_FRAMEWORK_HEADER = YES;
				CLANG_WARN_RANGE_LOOP_ANALYSIS = YES;
				CLANG_WARN_STRICT_PROTOTYPES = YES;
				CLANG_WARN_SUSPICIOUS_MOVE = YES;
				CLANG_WARN_UNGUARDED_AVAILABILITY = YES_AGGRESSIVE;
				CLANG_WARN_UNREACHABLE_CODE = YES;
				CLANG_WARN__DUPLICATE_METHOD_MATCH = YES;
				COPY_PHASE_STRIP = NO;
				DEBUG_INFORMATION_FORMAT = "dwarf-with-dsym";
				ENABLE_NS_ASSERTIONS = NO;
				ENABLE_STRICT_OBJC_MSGSEND = YES;
				GCC_C_LANGUAGE_STANDARD = gnu11;
				GCC_NO_COMMON_BLOCKS = YES;
				GCC_WARN_64_TO_32_BIT_CONVERSION = YES;
				GCC_WARN_ABOUT_RETURN_TYPE = YES_ERROR;
				GCC_WARN_UNDECLARED_SELECTOR = YES;
				GCC_WARN_UNINITIALIZED_AUTOS = YES_AGGRESSIVE;
				GCC_WARN_UNUSED_FUNCTION = YES;
				GCC_WARN_UNUSED_VARIABLE = YES;
				GENERATE_INFOPLIST_FILE = NO;
				MACOSX_DEPLOYMENT_TARGET = 13.0;
				MTL_ENABLE_DEBUG_INFO = NO;
				MTL_FAST_MATH = YES;
				PRODUCT_NAME = "$(TARGET_NAME)";
				SDKROOT = macosx;
				SWIFT_COMPILATION_MODE = wholemodule;
				SWIFT_OPTIMIZATION_LEVEL = "-O";
				SWIFT_VERSION = 6.0;
			};
			name = Release;
		};
/* End XCBuildConfiguration section */

/* Begin XCConfigurationList section */
		012239FF8917C0189EA6AFCD /* Build configuration list for PBXProject "MyClip" */ = {
			isa = XCConfigurationList;
			buildConfigurations = (
				462FEA5000E729CEDA3F5EC3 /* Debug */,
				C92D5B1E6461DDD5E7648348 /* Release */,
			);
			defaultConfigurationIsVisible = 0;
			defaultConfigurationName = Debug;
		};
		77F1135F8BF1D64CC7BC2D91 /* Build configuration list for PBXNativeTarget "MyClip" */ = {
			isa = XCConfigurationList;
			buildConfigurations = (
				56E0635FE47678D20D31AC4E /* Debug */,
				6C365F8F3C0AA46D26B5D9B5 /* Release */,
			);
			defaultConfigurationIsVisible = 0;
			defaultConfigurationName = Debug;
		};
/* End XCConfigurationList section */

/* Begin XCLocalSwiftPackageReference section */
		4AC3F864B3B4A90B694E7ADA /* XCLocalSwiftPackageReference "." */ = {
			isa = XCLocalSwiftPackageReference;
			relativePath = .;
		};
/* End XCLocalSwiftPackageReference section */

/* Begin XCRemoteSwiftPackageReference section */
		E7DDEB510057EFB1C6C89A9C /* XCRemoteSwiftPackageReference "swift-markdown-ui" */ = {
			isa = XCRemoteSwiftPackageReference;
			repositoryURL = "https://github.com/gonzalezreal/swift-markdown-ui.git";
			requirement = {
				kind = exactVersion;
				version = 2.4.1;
			};
		};
/* End XCRemoteSwiftPackageReference section */

/* Begin XCSwiftPackageProductDependency section */
		08C930E7912187BDB9B11F7E /* MyClipCore */ = {
			isa = XCSwiftPackageProductDependency;
			productName = MyClipCore;
		};
		893EE47D89D1C46AA406DDE3 /* MarkdownUI */ = {
			isa = XCSwiftPackageProductDependency;
			package = E7DDEB510057EFB1C6C89A9C /* XCRemoteSwiftPackageReference "swift-markdown-ui" */;
			productName = MarkdownUI;
		};
/* End XCSwiftPackageProductDependency section */
	};
	rootObject = 297DC53681229D1C5972D7DB /* Project object */;
}
